
Microsoft Visual Studio Solution File, Format Version 12.00
# Visual Studio Version 17
VisualStudioVersion = 17.10.35013.160
MinimumVisualStudioVersion = 10.0.40219.1
Project("{FAE04EC0-301F-11D3-BF4B-00C04F79EFBC}") = "guia02_ejercicio1", "guia02_ejercicio1\guia02_ejercicio1.csproj", "{E93A273E-389A-4819-BF4D-7582BE2E707C}"
EndProject
Global
	GlobalSection(SolutionConfigurationPlatforms) = preSolution
		Debug|Any CPU = Debug|Any CPU
		Release|Any CPU = Release|Any CPU
	EndGlobalSection
	GlobalSection(ProjectConfigurationPlatforms) = postSolution
		{E93A273E-389A-4819-BF4D-7582BE2E707C}.Debug|Any CPU.ActiveCfg = Debug|Any CPU
		{E93A273E-389A-4819-BF4D-7582BE2E707C}.Debug|Any CPU.Build.0 = Debug|Any CPU
		{E93A273E-389A-4819-BF4D-7582BE2E707C}.Release|Any CPU.ActiveCfg = Release|Any CPU
		{E93A273E-389A-4819-BF4D-7582BE2E707C}.Release|Any CPU.Build.0 = Release|Any CPU
	EndGlobalSection
	GlobalSection(SolutionProperties) = preSolution
		HideSolutionNode = FALSE
	EndGlobalSection
	GlobalSection(ExtensibilityGlobals) = postSolution
		SolutionGuid = {AFD9CDC3-B4CE-402D-B658-3735D07E5B3C}
	EndGlobalSection
EndGlobal
